// !$*UTF8*$!
{
	archiveVersion = 1;
	classes = {
	};
	objectVersion = 77;
	objects = {

/* Begin PBXContainerItemProxy section */
		26AA000000000000000000CB /* PBXContainerItemProxy */ = {
			isa = PBXContainerItemProxy;
			containerPortal = 26AA000000000000000000A1 /* Project object */;
			proxyType = 1;
			remoteGlobalIDString = 26AA000000000000000000A8;
			remoteInfo = Memories;
		};
		26AA000000000000000000DB /* PBXContainerItemProxy */ = {
			isa = PBXContainerItemProxy;
			containerPortal = 26AA000000000000000000A1 /* Project object */;
			proxyType = 1;
			remoteGlobalIDString = 26AA000000000000000000A8;
			remoteInfo = Memories;
		};
/* End PBXContainerItemProxy section */

/* Begin PBXFileReference section */
		26AA000000000000000000A6 /* Info.plist */ = {isa = PBXFileReference; lastKnownFileType = text.plist.xml; path = Info.plist; sourceTree = "<group>"; };
		26AA000000000000000000A7 /* Memories.app */ = {isa = PBXFileReference; explicitFileType = wrapper.application; includeInIndex = 0; path = Memories.app; sourceTree = BUILT_PRODUCTS_DIR; };
		26AA000000000000000000C2 /* MemoriesUITests.xctest */ = {isa = PBXFileReference; explicitFileType = wrapper.cfbundle; includeInIndex = 0; path = MemoriesUITests.xctest; sourceTree = BUILT_PRODUCTS_DIR; };
		26AA000000000000000000D2 /* MemoriesTests.xctest */ = {isa = PBXFileReference; explicitFileType = wrapper.cfbundle; includeInIndex = 0; path = MemoriesTests.xctest; sourceTree = BUILT_PRODUCTS_DIR; };
/* End PBXFileReference section */

/* Begin PBXFileSystemSynchronizedRootGroup section */
		26AA000000000000000000A5 /* Memories */ = {
			isa = PBXFileSystemSynchronizedRootGroup;
			path = Memories;
			sourceTree = "<group>";
		};
		26AA000000000000000000C9 /* MemoriesUITests */ = {
			isa = PBXFileSystemSynchronizedRootGroup;
			path = MemoriesUITests;
			sourceTree = "<group>";
		};
		26AA000000000000000000D9 /* MemoriesTests */ = {
			isa = PBXFileSystemSynchronizedRootGroup;
			path = MemoriesTests;
			sourceTree = "<group>";
		};
/* End PBXFileSystemSynchronizedRootGroup section */

/* Begin PBXFrameworksBuildPhase section */
		26AA000000000000000000AA /* Frameworks */ = {
			isa = PBXFrameworksBuildPhase;
			buildActionMask = 2147483647;
			files = (
			);
			runOnlyForDeploymentPostprocessing = 0;
		};
		26AA000000000000000000C4 /* Frameworks */ = {
			isa = PBXFrameworksBuildPhase;
			buildActionMask = 2147483647;
			files = (
			);
			runOnlyForDeploymentPostprocessing = 0;
		};
		26AA000000000000000000D4 /* Frameworks */ = {
			isa = PBXFrameworksBuildPhase;
			buildActionMask = 2147483647;
			files = (
			);
			runOnlyForDeploymentPostprocessing = 0;
		};
/* End PBXFrameworksBuildPhase section */

/* Begin PBXGroup section */
		26AA000000000000000000A2 = {
			isa = PBXGroup;
			children = (
				26AA000000000000000000A5 /* Memories */,
				26AA000000000000000000D9 /* MemoriesTests */,
				26AA000000000000000000C9 /* MemoriesUITests */,
				26AA000000000000000000A4 /* Support */,
				26AA000000000000000000A3 /* Products */,
			);
			sourceTree = "<group>";
		};
		26AA000000000000000000A3 /* Products */ = {
			isa = PBXGroup;
			children = (
				26AA000000000000000000A7 /* Memories.app */,
				26AA000000000000000000D2 /* MemoriesTests.xctest */,
				26AA000000000000000000C2 /* MemoriesUITests.xctest */,
			);
			name = Products;
			sourceTree = "<group>";
		};
		26AA000000000000000000A4 /* Support */ = {
			isa = PBXGroup;
			children = (
				26AA000000000000000000A6 /* Info.plist */,
			);
			path = Support;
			sourceTree = "<group>";
		};
/* End PBXGroup section */

/* Begin PBXNativeTarget section */
		26AA000000000000000000A8 /* Memories */ = {
			isa = PBXNativeTarget;
			buildConfigurationList = 26AA000000000000000000AD /* Build configuration list for PBXNativeTarget "Memories" */;
			buildPhases = (
				26AA000000000000000000A9 /* Sources */,
				26AA000000000000000000AA /* Frameworks */,
				26AA000000000000000000AB /* Resources */,
			);
			buildRules = (
			);
			dependencies = (
			);
			fileSystemSynchronizedGroups = (
				26AA000000000000000000A5 /* Memories */,
			);
			name = Memories;
			packageProductDependencies = (
			);
			productName = Memories;
			productReference = 26AA000000000000000000A7 /* Memories.app */;
			productType = "com.apple.product-type.application";
		};
		26AA000000000000000000C1 /* MemoriesUITests */ = {
			isa = PBXNativeTarget;
			buildConfigurationList = 26AA000000000000000000C6 /* Build configuration list for PBXNativeTarget "MemoriesUITests" */;
			buildPhases = (
				26AA000000000000000000C3 /* Sources */,
				26AA000000000000000000C4 /* Frameworks */,
				26AA000000000000000000C5 /* Resources */,
			);
			buildRules = (
			);
			dependencies = (
				26AA000000000000000000CA /* PBXTargetDependency */,
			);
			fileSystemSynchronizedGroups = (
				26AA000000000000000000C9 /* MemoriesUITests */,
			);
			name = MemoriesUITests;
			packageProductDependencies = (
			);
			productName = MemoriesUITests;
			productReference = 26AA000000000000000000C2 /* MemoriesUITests.xctest */;
			productType = "com.apple.product-type.bundle.ui-testing";
		};
		26AA000000000000000000D1 /* MemoriesTests */ = {
			isa = PBXNativeTarget;
			buildConfigurationList = 26AA000000000000000000D6 /* Build configuration list for PBXNativeTarget "MemoriesTests" */;
			buildPhases = (
				26AA000000000000000000D3 /* Sources */,
				26AA000000000000000000D4 /* Frameworks */,
				26AA000000000000000000D5 /* Resources */,
			);
			buildRules = (
			);
			dependencies = (
				26AA000000000000000000DA /* PBXTargetDependency */,
			);
			fileSystemSynchronizedGroups = (
				26AA000000000000000000D9 /* MemoriesTests */,
			);
			name = MemoriesTests;
			packageProductDependencies = (
			);
			productName = MemoriesTests;
			productReference = 26AA000000000000000000D2 /* MemoriesTests.xctest */;
			productType = "com.apple.product-type.bundle.unit-test";
		};
/* End PBXNativeTarget section */

/* Begin PBXProject section */
		26AA000000000000000000A1 /* Project object */ = {
			isa = PBXProject;
			attributes = {
				BuildIndependentTargetsInParallel = 1;
				LastSwiftUpdateCheck = 2600;
				LastUpgradeCheck = 2600;
				TargetAttributes = {
					26AA000000000000000000A8 = {
						CreatedOnToolsVersion = 26.0;
					};
					26AA000000000000000000C1 = {
						CreatedOnToolsVersion = 26.0;
						TestTargetID = 26AA000000000000000000A8;
					};
					26AA000000000000000000D1 = {
						CreatedOnToolsVersion = 26.0;
						TestTargetID = 26AA000000000000000000A8;
					};
				};
			};
			buildConfigurationList = 26AA000000000000000000AC /* Build configuration list for PBXProject "Memories" */;
			developmentRegion = en;
			hasScannedForEncodings = 0;
			knownRegions = (
				en,
				Base,
			);
			mainGroup = 26AA000000000000000000A2;
			minimizedProjectReferenceProxies = 1;
			preferredProjectObjectVersion = 77;
			productRefGroup = 26AA000000000000000000A3 /* Products */;
			projectDirPath = "";
			projectRoot = "";
			targets = (
				26AA000000000000000000A8 /* Memories */,
				26AA000000000000000000D1 /* MemoriesTests */,
				26AA000000000000000000C1 /* MemoriesUITests */,
			);
		};
/* End PBXProject section */

/* Begin PBXResourcesBuildPhase section */
		26AA000000000000000000AB /* Resources */ = {
			isa = PBXResourcesBuildPhase;
			buildActionMask = 2147483647;
			files = (
			);
			runOnlyForDeploymentPostprocessing = 0;
		};
		26AA000000000000000000C5 /* Resources */ = {
			isa = PBXResourcesBuildPhase;
			buildActionMask = 2147483647;
			files = (
			);
			runOnlyForDeploymentPostprocessing = 0;
		};
		26AA000000000000000000D5 /* Resources */ = {
			isa = PBXResourcesBuildPhase;
			buildActionMask = 2147483647;
			files = (
			);
			runOnlyForDeploymentPostprocessing = 0;
		};
/* End PBXResourcesBuildPhase section */

/* Begin PBXSourcesBuildPhase section */
		26AA000000000000000000A9 /* Sources */ = {
			isa = PBXSourcesBuildPhase;
			buildActionMask = 2147483647;
			files = (
			);
			runOnlyForDeploymentPostprocessing = 0;
		};
		26AA000000000000000000C3 /* Sources */ = {
			isa = PBXSourcesBuildPhase;
			buildActionMask = 2147483647;
			files = (
			);
			runOnlyForDeploymentPostprocessing = 0;
		};
		26AA000000000000000000D3 /* Sources */ = {
			isa = PBXSourcesBuildPhase;
			buildActionMask = 2147483647;
			files = (
			);
			runOnlyForDeploymentPostprocessing = 0;
		};
/* End PBXSourcesBuildPhase section */

/* Begin PBXTargetDependency section */
		26AA000000000000000000CA /* PBXTargetDependency */ = {
			isa = PBXTargetDependency;
			target = 26AA000000000000000000A8 /* Memories */;
			targetProxy = 26AA000000000000000000CB /* PBXContainerItemProxy */;
		};
		26AA000000000000000000DA /* PBXTargetDependency */ = {
			isa = PBXTargetDependency;
			target = 26AA000000000000000000A8 /* Memories */;
			targetProxy = 26AA000000000000000000DB /* PBXContainerItemProxy */;
		};
/* End PBXTargetDependency section */

/* Begin XCBuildConfiguration section */
		26AA000000000000000000AE /* Debug */ = {
			isa = XCBuildConfiguration;
			buildSettings = {
				ALWAYS_SEARCH_USER_PATHS = NO;
				ASSETCATALOG_COMPILER_GENERATE_SWIFT_ASSET_SYMBOL_EXTENSIONS = YES;
				CLANG_ANALYZER_NONNULL = YES;
				CLANG_ENABLE_MODULES = YES;
				CLANG_ENABLE_OBJC_ARC = YES;
				COPY_PHASE_STRIP = NO;
				DEBUG_INFORMATION_FORMAT = dwarf;
				ENABLE_STRICT_OBJC_MSGSEND = YES;
				ENABLE_TESTABILITY = YES;
				ENABLE_USER_SCRIPT_SANDBOXING = YES;
				GCC_C_LANGUAGE_STANDARD = gnu17;
				GCC_DYNAMIC_NO_PIC = NO;
				GCC_NO_COMMON_BLOCKS = YES;
				GCC_OPTIMIZATION_LEVEL = 0;
				GCC_PREPROCESSOR_DEFINITIONS = (
					"DEBUG=1",
					"$(inherited)",
				);
				IPHONEOS_DEPLOYMENT_TARGET = 26.0;
				LOCALIZATION_PREFERS_STRING_CATALOGS = YES;
				MTL_ENABLE_DEBUG_INFO = INCLUDE_SOURCE;
				MTL_FAST_MATH = YES;
				ONLY_ACTIVE_ARCH = YES;
				SDKROOT = iphoneos;
				SWIFT_ACTIVE_COMPILATION_CONDITIONS = "DEBUG $(inherited)";
				SWIFT_OPTIMIZATION_LEVEL = "-Onone";
				SWIFT_VERSION = 5.0;
			};
			name = Debug;
		};
		26AA000000000000000000AF /* Release */ = {
			isa = XCBuildConfiguration;
			buildSettings = {
				ALWAYS_SEARCH_USER_PATHS = NO;
				ASSETCATALOG_COMPILER_GENERATE_SWIFT_ASSET_SYMBOL_EXTENSIONS = YES;
				CLANG_ANALYZER_NONNULL = YES;
				CLANG_ENABLE_MODULES = YES;
				CLANG_ENABLE_OBJC_ARC = YES;
				COPY_PHASE_STRIP = NO;
				DEBUG_INFORMATION_FORMAT = "dwarf-with-dsym";
				ENABLE_NS_ASSERTIONS = NO;
				ENABLE_STRICT_OBJC_MSGSEND = YES;
				ENABLE_USER_SCRIPT_SANDBOXING = YES;
				GCC_C_LANGUAGE_STANDARD = gnu17;
				GCC_NO_COMMON_BLOCKS = YES;
				IPHONEOS_DEPLOYMENT_TARGET = 26.0;
				LOCALIZATION_PREFERS_STRING_CATALOGS = YES;
				MTL_ENABLE_DEBUG_INFO = NO;
				MTL_FAST_MATH = YES;
				SDKROOT = iphoneos;
				SWIFT_COMPILATION_MODE = wholemodule;
				SWIFT_VERSION = 5.0;
				VALIDATE_PRODUCT = YES;
			};
			name = Release;
		};
		26AA000000000000000000B0 /* Debug */ = {
			isa = XCBuildConfiguration;
			buildSettings = {
				ASSETCATALOG_COMPILER_APPICON_NAME = AppIcon;
				ASSETCATALOG_COMPILER_GLOBAL_ACCENT_COLOR_NAME = AccentColor;
				CODE_SIGN_STYLE = Automatic;
				CURRENT_PROJECT_VERSION = 1;
				ENABLE_PREVIEWS = YES;
				GENERATE_INFOPLIST_FILE = NO;
				INFOPLIST_FILE = Support/Info.plist;
				LD_RUNPATH_SEARCH_PATHS = (
					"$(inherited)",
					"@executable_path/Frameworks",
				);
				MARKETING_VERSION = 1.0;
				PRODUCT_BUNDLE_IDENTIFIER = com.justpainful.Memories;
				PRODUCT_NAME = "$(TARGET_NAME)";
				SWIFT_EMIT_LOC_STRINGS = YES;
				TARGETED_DEVICE_FAMILY = "1,2";
			};
			name = Debug;
		};
		26AA000000000000000000B1 /* Release */ = {
			isa = XCBuildConfiguration;
			buildSettings = {
				ASSETCATALOG_COMPILER_APPICON_NAME = AppIcon;
				ASSETCATALOG_COMPILER_GLOBAL_ACCENT_COLOR_NAME = AccentColor;
				CODE_SIGN_STYLE = Automatic;
				CURRENT_PROJECT_VERSION = 1;
				ENABLE_PREVIEWS = YES;
				GENERATE_INFOPLIST_FILE = NO;
				INFOPLIST_FILE = Support/Info.plist;
				LD_RUNPATH_SEARCH_PATHS = (
					"$(inherited)",
					"@executable_path/Frameworks",
				);
				MARKETING_VERSION = 1.0;
				PRODUCT_BUNDLE_IDENTIFIER = com.justpainful.Memories;
				PRODUCT_NAME = "$(TARGET_NAME)";
				SWIFT_EMIT_LOC_STRINGS = YES;
				TARGETED_DEVICE_FAMILY = "1,2";
			};
			name = Release;
		};
		26AA000000000000000000C7 /* Debug */ = {
			isa = XCBuildConfiguration;
			buildSettings = {
				ALWAYS_EMBED_SWIFT_STANDARD_LIBRARIES = YES;
				CODE_SIGN_STYLE = Automatic;
				CURRENT_PROJECT_VERSION = 1;
				GENERATE_INFOPLIST_FILE = YES;
				MARKETING_VERSION = 1.0;
				PRODUCT_BUNDLE_IDENTIFIER = com.justpainful.MemoriesUITests;
				PRODUCT_NAME = "$(TARGET_NAME)";
				SWIFT_EMIT_LOC_STRINGS = NO;
				TARGETED_DEVICE_FAMILY = "1,2";
				TEST_TARGET_NAME = Memories;
			};
			name = Debug;
		};
		26AA000000000000000000C8 /* Release */ = {
			isa = XCBuildConfiguration;
			buildSettings = {
				ALWAYS_EMBED_SWIFT_STANDARD_LIBRARIES = YES;
				CODE_SIGN_STYLE = Automatic;
				CURRENT_PROJECT_VERSION = 1;
				GENERATE_INFOPLIST_FILE = YES;
				MARKETING_VERSION = 1.0;
				PRODUCT_BUNDLE_IDENTIFIER = com.justpainful.MemoriesUITests;
				PRODUCT_NAME = "$(TARGET_NAME)";
				SWIFT_EMIT_LOC_STRINGS = NO;
				TARGETED_DEVICE_FAMILY = "1,2";
				TEST_TARGET_NAME = Memories;
			};
			name = Release;
		};
		26AA000000000000000000D7 /* Debug */ = {
			isa = XCBuildConfiguration;
			buildSettings = {
				ALWAYS_EMBED_SWIFT_STANDARD_LIBRARIES = YES;
				BUNDLE_LOADER = "$(TEST_HOST)";
				CODE_SIGN_STYLE = Automatic;
				CURRENT_PROJECT_VERSION = 1;
				GENERATE_INFOPLIST_FILE = YES;
				IPHONEOS_DEPLOYMENT_TARGET = 26.0;
				MARKETING_VERSION = 1.0;
				PRODUCT_BUNDLE_IDENTIFIER = com.justpainful.MemoriesTests;
				PRODUCT_NAME = "$(TARGET_NAME)";
				SWIFT_EMIT_LOC_STRINGS = NO;
				TARGETED_DEVICE_FAMILY = "1,2";
				TEST_HOST = "$(BUILT_PRODUCTS_DIR)/Memories.app/$(BUNDLE_EXECUTABLE_FOLDER_PATH)/Memories";
			};
			name = Debug;
		};
		26AA000000000000000000D8 /* Release */ = {
			isa = XCBuildConfiguration;
			buildSettings = {
				ALWAYS_EMBED_SWIFT_STANDARD_LIBRARIES = YES;
				BUNDLE_LOADER = "$(TEST_HOST)";
				CODE_SIGN_STYLE = Automatic;
				CURRENT_PROJECT_VERSION = 1;
				GENERATE_INFOPLIST_FILE = YES;
				IPHONEOS_DEPLOYMENT_TARGET = 26.0;
				MARKETING_VERSION = 1.0;
				PRODUCT_BUNDLE_IDENTIFIER = com.justpainful.MemoriesTests;
				PRODUCT_NAME = "$(TARGET_NAME)";
				SWIFT_EMIT_LOC_STRINGS = NO;
				TARGETED_DEVICE_FAMILY = "1,2";
				TEST_HOST = "$(BUILT_PRODUCTS_DIR)/Memories.app/$(BUNDLE_EXECUTABLE_FOLDER_PATH)/Memories";
			};
			name = Release;
		};
/* End XCBuildConfiguration section */

/* Begin XCConfigurationList section */
		26AA000000000000000000AC /* Build configuration list for PBXProject "Memories" */ = {
			isa = XCConfigurationList;
			buildConfigurations = (
				26AA000000000000000000AE /* Debug */,
				26AA000000000000000000AF /* Release */,
			);
			defaultConfigurationIsVisible = 0;
			defaultConfigurationName = Release;
		};
		26AA000000000000000000AD /* Build configuration list for PBXNativeTarget "Memories" */ = {
			isa = XCConfigurationList;
			buildConfigurations = (
				26AA000000000000000000B0 /* Debug */,
				26AA000000000000000000B1 /* Release */,
			);
			defaultConfigurationIsVisible = 0;
			defaultConfigurationName = Release;
		};
		26AA000000000000000000D6 /* Build configuration list for PBXNativeTarget "MemoriesTests" */ = {
			isa = XCConfigurationList;
			buildConfigurations = (
				26AA000000000000000000D7 /* Debug */,
				26AA000000000000000000D8 /* Release */,
			);
			defaultConfigurationIsVisible = 0;
			defaultConfigurationName = Release;
		};
		26AA000000000000000000C6 /* Build configuration list for PBXNativeTarget "MemoriesUITests" */ = {
			isa = XCConfigurationList;
			buildConfigurations = (
				26AA000000000000000000C7 /* Debug */,
				26AA000000000000000000C8 /* Release */,
			);
			defaultConfigurationIsVisible = 0;
			defaultConfigurationName = Release;
		};
/* End XCConfigurationList section */
	};
	rootObject = 26AA000000000000000000A1 /* Project object */;
}
